// !$*UTF8*$!
{
	archiveVersion = 1;
	classes = {
	};
	objectVersion = 46;
	objects = {

/* Begin PBXBuildFile section */
		6355DBC61A7A3FF50015C0A0 /* main.m in Sources */ = {isa = PBXBuildFile; fileRef = 6355DBC51A7A3FF50015C0A0 /* main.m */; };
		6355DBC91A7A3FF50015C0A0 /* AppDelegate.m in Sources */ = {isa = PBXBuildFile; fileRef = 6355DBC81A7A3FF50015C0A0 /* AppDelegate.m */; };
		6355DBCC1A7A3FF50015C0A0 /* ViewController.m in Sources */ = {isa = PBXBuildFile; fileRef = 6355DBCB1A7A3FF50015C0A0 /* ViewController.m */; };
		6355DBCF1A7A3FF50015C0A0 /* Main.storyboard in Resources */ = {isa = PBXBuildFile; fileRef = 6355DBCD1A7A3FF50015C0A0 /* Main.storyboard */; };
		6355DBD11A7A3FF50015C0A0 /* Images.xcassets in Resources */ = {isa = PBXBuildFile; fileRef = 6355DBD01A7A3FF50015C0A0 /* Images.xcassets */; };
		6355DBD41A7A3FF50015C0A0 /* LaunchScreen.xib in Resources */ = {isa = PBXBuildFile; fileRef = 6355DBD21A7A3FF50015C0A0 /* LaunchScreen.xib */; };
		6355DBE01A7A3FF50015C0A0 /* NewEnergyTests.m in Sources */ = {isa = PBXBuildFile; fileRef = 6355DBDF1A7A3FF50015C0A0 /* NewEnergyTests.m */; };
/* End PBXBuildFile section */

/* Begin PBXContainerItemProxy section */
		6355DBDA1A7A3FF50015C0A0 /* PBXContainerItemProxy */ = {
			isa = PBXContainerItemProxy;
			containerPortal = 6355DBB81A7A3FF50015C0A0 /* Project object */;
			proxyType = 1;
			remoteGlobalIDString = 6355DBBF1A7A3FF50015C0A0;
			remoteInfo = NewEnergy;
		};
/* End PBXContainerItemProxy section */

/* Begin PBXFileReference section */
		6355DBC01A7A3FF50015C0A0 /* NewEnergy.app */ = {isa = PBXFileReference; explicitFileType = wrapper.application; includeInIndex = 0; path = NewEnergy.app; sourceTree = BUILT_PRODUCTS_DIR; };
		6355DBC41A7A3FF50015C0A0 /* Info.plist */ = {isa = PBXFileReference; lastKnownFileType = text.plist.xml; path = Info.plist; sourceTree = "<group>"; };
		6355DBC51A7A3FF50015C0A0 /* main.m */ = {isa = PBXFileReference; lastKnownFileType = sourcecode.c.objc; path = main.m; sourceTree = "<group>"; };
		6355DBC71A7A3FF50015C0A0 /* AppDelegate.h */ = {isa = PBXFileReference; lastKnownFileType = sourcecode.c.h; path = AppDelegate.h; sourceTree = "<group>"; };
		6355DBC81A7A3FF50015C0A0 /* AppDelegate.m */ = {isa = PBXFileReference; lastKnownFileType = sourcecode.c.objc; path = AppDelegate.m; sourceTree = "<group>"; };
		6355DBCA1A7A3FF50015C0A0 /* ViewController.h */ = {isa = PBXFileReference; lastKnownFileType = sourcecode.c.h; path = ViewController.h; sourceTree = "<group>"; };
		6355DBCB1A7A3FF50015C0A0 /* ViewController.m */ = {isa = PBXFileReference; lastKnownFileType = sourcecode.c.objc; path = ViewController.m; sourceTree = "<group>"; };
		6355DBCE1A7A3FF50015C0A0 /* Base */ = {isa = PBXFileReference; lastKnownFileType = file.storyboard; name = Base; path = Base.lproj/Main.storyboard; sourceTree = "<group>"; };
		6355DBD01A7A3FF50015C0A0 /* Images.xcassets */ = {isa = PBXFileReference; lastKnownFileType = folder.assetcatalog; path = Images.xcassets; sourceTree = "<group>"; };
		6355DBD31A7A3FF50015C0A0 /* Base */ = {isa = PBXFileReference; lastKnownFileType = file.xib; name = Base; path = Base.lproj/LaunchScreen.xib; sourceTree = "<group>"; };
		6355DBD91A7A3FF50015C0A0 /* NewEnergyTests.xctest */ = {isa = PBXFileReference; explicitFileType = wrapper.cfbundle; includeInIndex = 0; path = NewEnergyTests.xctest; sourceTree = BUILT_PRODUCTS_DIR; };
		6355DBDE1A7A3FF50015C0A0 /* Info.plist */ = {isa = PBXFileReference; lastKnownFileType = text.plist.xml; path = Info.plist; sourceTree = "<group>"; };
		6355DBDF1A7A3FF50015C0A0 /* NewEnergyTests.m */ = {isa = PBXFileReference; lastKnownFileType = sourcecode.c.objc; path = NewEnergyTests.m; sourceTree = "<group>"; };
/* End PBXFileReference section */

/* Begin PBXFrameworksBuildPhase section */
		6355DBBD1A7A3FF50015C0A0 /* Frameworks */ = {
			isa = PBXFrameworksBuildPhase;
			buildActionMask = 2147483647;
			files = (
			);
			runOnlyForDeploymentPostprocessing = 0;
		};
		6355DBD61A7A3FF50015C0A0 /* Frameworks */ = {
			isa = PBXFrameworksBuildPhase;
			buildActionMask = 2147483647;
			files = (
			);
			runOnlyForDeploymentPostprocessing = 0;
		};
/* End PBXFrameworksBuildPhase section */

/* Begin PBXGroup section */
		6355DBB71A7A3FF50015C0A0 = {
			isa = PBXGroup;
			children = (
				6355DBC21A7A3FF50015C0A0 /* NewEnergy */,
				6355DBDC1A7A3FF50015C0A0 /* NewEnergyTests */,
				6355DBC11A7A3FF50015C0A0 /* Products */,
			);
			sourceTree = "<group>";
		};
		6355DBC11A7A3FF50015C0A0 /* Products */ = {
			isa = PBXGroup;
			children = (
				6355DBC01A7A3FF50015C0A0 /* NewEnergy.app */,
				6355DBD91A7A3FF50015C0A0 /* NewEnergyTests.xctest */,
			);
			name = Products;
			sourceTree = "<group>";
		};
		6355DBC21A7A3FF50015C0A0 /* NewEnergy */ = {
			isa = PBXGroup;
			children = (
				6355DBC71A7A3FF50015C0A0 /* AppDelegate.h */,
				6355DBC81A7A3FF50015C0A0 /* AppDelegate.m */,
				6355DBCA1A7A3FF50015C0A0 /* ViewController.h */,
				6355DBCB1A7A3FF50015C0A0 /* ViewController.m */,
				6355DBCD1A7A3FF50015C0A0 /* Main.storyboard */,
				6355DBD01A7A3FF50015C0A0 /* Images.xcassets */,
				6355DBD21A7A3FF50015C0A0 /* LaunchScreen.xib */,
				6355DBC31A7A3FF50015C0A0 /* Supporting Files */,
			);
			path = NewEnergy;
			sourceTree = "<group>";
		};
		6355DBC31A7A3FF50015C0A0 /* Supporting Files */ = {
			isa = PBXGroup;
			children = (
				6355DBC41A7A3FF50015C0A0 /* Info.plist */,
				6355DBC51A7A3FF50015C0A0 /* main.m */,
			);
			name = "Supporting Files";
			sourceTree = "<group>";
		};
		6355DBDC1A7A3FF50015C0A0 /* NewEnergyTests */ = {
			isa = PBXGroup;
			children = (
				6355DBDF1A7A3FF50015C0A0 /* NewEnergyTests.m */,
				6355DBDD1A7A3FF50015C0A0 /* Supporting Files */,
			);
			path = NewEnergyTests;
			sourceTree = "<group>";
		};
		6355DBDD1A7A3FF50015C0A0 /* Supporting Files */ = {
			isa = PBXGroup;
			children = (
				6355DBDE1A7A3FF50015C0A0 /* Info.plist */,
			);
			name = "Supporting Files";
			sourceTree = "<group>";
		};
/* End PBXGroup section */

/* Begin PBXNativeTarget section */
		6355DBBF1A7A3FF50015C0A0 /* NewEnergy */ = {
			isa = PBXNativeTarget;
			buildConfigurationList = 6355DBE31A7A3FF50015C0A0 /* Build configuration list for PBXNativeTarget "NewEnergy" */;
			buildPhases = (
				6355DBBC1A7A3FF50015C0A0 /* Sources */,
				6355DBBD1A7A3FF50015C0A0 /* Frameworks */,
				6355DBBE1A7A3FF50015C0A0 /* Resources */,
			);
			buildRules = (
			);
			dependencies = (
			);
			name = NewEnergy;
			productName = NewEnergy;
			productReference = 6355DBC01A7A3FF50015C0A0 /* NewEnergy.app */;
			productType = "com.apple.product-type.application";
		};
		6355DBD81A7A3FF50015C0A0 /* NewEnergyTests */ = {
			isa = PBXNativeTarget;
			buildConfigurationList = 6355DBE61A7A3FF50015C0A0 /* Build configuration list for PBXNativeTarget "NewEnergyTests" */;
			buildPhases = (
				6355DBD51A7A3FF50015C0A0 /* Sources */,
				6355DBD61A7A3FF50015C0A0 /* Frameworks */,
				6355DBD71A7A3FF50015C0A0 /* Resources */,
			);
			buildRules = (
			);
			dependencies = (
				6355DBDB1A7A3FF50015C0A0 /* PBXTargetDependency */,
			);
			name = NewEnergyTests;
			productName = NewEnergyTests;
			productReference = 6355DBD91A7A3FF50015C0A0 /* NewEnergyTests.xctest */;
			productType = "com.apple.product-type.bundle.unit-test";
		};
/* End PBXNativeTarget section */

/* Begin PBXProject section */
		6355DBB81A7A3FF50015C0A0 /* Project object */ = {
			isa = PBXProject;
			attributes = {
				LastUpgradeCheck = 0610;
				ORGANIZATIONNAME = newenergy;
				TargetAttributes = {
					6355DBBF1A7A3FF50015C0A0 = {
						CreatedOnToolsVersion = 6.1.1;
					};
					6355DBD81A7A3FF50015C0A0 = {
						CreatedOnToolsVersion = 6.1.1;
						TestTargetID = 6355DBBF1A7A3FF50015C0A0;
					};
				};
			};
			buildConfigurationList = 6355DBBB1A7A3FF50015C0A0 /* Build configuration list for PBXProject "NewEnergy" */;
			compatibilityVersion = "Xcode 3.2";
			developmentRegion = English;
			hasScannedForEncodings = 0;
			knownRegions = (
				en,
				Base,
			);
			mainGroup = 6355DBB71A7A3FF50015C0A0;
			productRefGroup = 6355DBC11A7A3FF50015C0A0 /* Products */;
			projectDirPath = "";
			projectRoot = "";
			targets = (
				6355DBBF1A7A3FF50015C0A0 /* NewEnergy */,
				6355DBD81A7A3FF50015C0A0 /* NewEnergyTests */,
			);
		};
/* End PBXProject section */

/* Begin PBXResourcesBuildPhase section */
		6355DBBE1A7A3FF50015C0A0 /* Resources */ = {
			isa = PBXResourcesBuildPhase;
			buildActionMask = 2147483647;
			files = (
				6355DBCF1A7A3FF50015C0A0 /* Main.storyboard in Resources */,
				6355DBD41A7A3FF50015C0A0 /* LaunchScreen.xib in Resources */,
				6355DBD11A7A3FF50015C0A0 /* Images.xcassets in Resources */,
			);
			runOnlyForDeploymentPostprocessing = 0;
		};
		6355DBD71A7A3FF50015C0A0 /* Resources */ = {
			isa = PBXResourcesBuildPhase;
			buildActionMask = 2147483647;
			files = (
			);
			runOnlyForDeploymentPostprocessing = 0;
		};
/* End PBXResourcesBuildPhase section */

/* Begin PBXSourcesBuildPhase section */
		6355DBBC1A7A3FF50015C0A0 /* Sources */ = {
			isa = PBXSourcesBuildPhase;
			buildActionMask = 2147483647;
			files = (
				6355DBCC1A7A3FF50015C0A0 /* ViewController.m in Sources */,
				6355DBC91A7A3FF50015C0A0 /* AppDelegate.m in Sources */,
				6355DBC61A7A3FF50015C0A0 /* main.m in Sources */,
			);
			runOnlyForDeploymentPostprocessing = 0;
		};
		6355DBD51A7A3FF50015C0A0 /* Sources */ = {
			isa = PBXSourcesBuildPhase;
			buildActionMask = 2147483647;
			files = (
				6355DBE01A7A3FF50015C0A0 /* NewEnergyTests.m in Sources */,
			);
			runOnlyForDeploymentPostprocessing = 0;
		};
/* End PBXSourcesBuildPhase section */

/* Begin PBXTargetDependency section */
		6355DBDB1A7A3FF50015C0A0 /* PBXTargetDependency */ = {
			isa = PBXTargetDependency;
			target = 6355DBBF1A7A3FF50015C0A0 /* NewEnergy */;
			targetProxy = 6355DBDA1A7A3FF50015C0A0 /* PBXContainerItemProxy */;
		};
/* End PBXTargetDependency section */

/* Begin PBXVariantGroup section */
		6355DBCD1A7A3FF50015C0A0 /* Main.storyboard */ = {
			isa = PBXVariantGroup;
			children = (
				6355DBCE1A7A3FF50015C0A0 /* Base */,
			);
			name = Main.storyboard;
			sourceTree = "<group>";
		};
		6355DBD21A7A3FF50015C0A0 /* LaunchScreen.xib */ = {
			isa = PBXVariantGroup;
			children = (
				6355DBD31A7A3FF50015C0A0 /* Base */,
			);
			name = LaunchScreen.xib;
			sourceTree = "<group>";
		};
/* End PBXVariantGroup section */

/* Begin XCBuildConfiguration section */
		6355DBE11A7A3FF50015C0A0 /* Debug */ = {
			isa = XCBuildConfiguration;
			buildSettings = {
				ALWAYS_SEARCH_USER_PATHS = NO;
				CLANG_CXX_LANGUAGE_STANDARD = "gnu++0x";
				CLANG_CXX_LIBRARY = "libc++";
				CLANG_ENABLE_MODULES = YES;
				CLANG_ENABLE_OBJC_ARC = YES;
				CLANG_WARN_BOOL_CONVERSION = YES;
				CLANG_WARN_CONSTANT_CONVERSION = YES;
				CLANG_WARN_DIRECT_OBJC_ISA_USAGE = YES_ERROR;
				CLANG_WARN_EMPTY_BODY = YES;
				CLANG_WARN_ENUM_CONVERSION = YES;
				CLANG_WARN_INT_CONVERSION = YES;
				CLANG_WARN_OBJC_ROOT_CLASS = YES_ERROR;
				CLANG_WARN_UNREACHABLE_CODE = YES;
				CLANG_WARN__DUPLICATE_METHOD_MATCH = YES;
				"CODE_SIGN_IDENTITY[sdk=iphoneos*]" = "iPhone Developer";
				COPY_PHASE_STRIP = NO;
				ENABLE_STRICT_OBJC_MSGSEND = YES;
				GCC_C_LANGUAGE_STANDARD = gnu99;
				GCC_DYNAMIC_NO_PIC = NO;
				GCC_OPTIMIZATION_LEVEL = 0;
				GCC_PREPROCESSOR_DEFINITIONS = (
					"DEBUG=1",
					"$(inherited)",
				);
				GCC_SYMBOLS_PRIVATE_EXTERN = NO;
				GCC_WARN_64_TO_32_BIT_CONVERSION = YES;
				GCC_WARN_ABOUT_RETURN_TYPE = YES_ERROR;
				GCC_WARN_UNDECLARED_SELECTOR = YES;
				GCC_WARN_UNINITIALIZED_AUTOS = YES_AGGRESSIVE;
				GCC_WARN_UNUSED_FUNCTION = YES;
				GCC_WARN_UNUSED_VARIABLE = YES;
				IPHONEOS_DEPLOYMENT_TARGET = 8.1;
				MTL_ENABLE_DEBUG_INFO = YES;
				ONLY_ACTIVE_ARCH = YES;
				SDKROOT = iphoneos;
			};
			name = Debug;
		};
		6355DBE21A7A3FF50015C0A0 /* Release */ = {
			isa = XCBuildConfiguration;
			buildSettings = {
				ALWAYS_SEARCH_USER_PATHS = NO;
				CLANG_CXX_LANGUAGE_STANDARD = "gnu++0x";
				CLANG_CXX_LIBRARY = "libc++";
				CLANG_ENABLE_MODULES = YES;
				CLANG_ENABLE_OBJC_ARC = YES;
				CLANG_WARN_BOOL_CONVERSION = YES;
				CLANG_WARN_CONSTANT_CONVERSION = YES;
				CLANG_WARN_DIRECT_OBJC_ISA_USAGE = YES_ERROR;
				CLANG_WARN_EMPTY_BODY = YES;
				CLANG_WARN_ENUM_CONVERSION = YES;
				CLANG_WARN_INT_CONVERSION = YES;
				CLANG_WARN_OBJC_ROOT_CLASS = YES_ERROR;
				CLANG_WARN_UNREACHABLE_CODE = YES;
				CLANG_WARN__DUPLICATE_METHOD_MATCH = YES;
				"CODE_SIGN_IDENTITY[sdk=iphoneos*]" = "iPhone Developer";
				COPY_PHASE_STRIP = YES;
				ENABLE_NS_ASSERTIONS = NO;
				ENABLE_STRICT_OBJC_MSGSEND = YES;
				GCC_C_LANGUAGE_STANDARD = gnu99;
				GCC_WARN_64_TO_32_BIT_CONVERSION = YES;
				GCC_WARN_ABOUT_RETURN_TYPE = YES_ERROR;
				GCC_WARN_UNDECLARED_SELECTOR = YES;
				GCC_WARN_UNINITIALIZED_AUTOS = YES_AGGRESSIVE;
				GCC_WARN_UNUSED_FUNCTION = YES;
				GCC_WARN_UNUSED_VARIABLE = YES;
				IPHONEOS_DEPLOYMENT_TARGET = 8.1;
				MTL_ENABLE_DEBUG_INFO = NO;
				SDKROOT = iphoneos;
				VALIDATE_PRODUCT = YES;
			};
			name = Release;
		};
		6355DBE41A7A3FF50015C0A0 /* Debug */ = {
			isa = XCBuildConfiguration;
			buildSettings = {
				ASSETCATALOG_COMPILER_APPICON_NAME = AppIcon;
				INFOPLIST_FILE = NewEnergy/Info.plist;
				LD_RUNPATH_SEARCH_PATHS = "$(inherited) @executable_path/Frameworks";
				PRODUCT_NAME = "$(TARGET_NAME)";
			};
			name = Debug;
		};
		6355DBE51A7A3FF50015C0A0 /* Release */ = {
			isa = XCBuildConfiguration;
			buildSettings = {
				ASSETCATALOG_COMPILER_APPICON_NAME = AppIcon;
				INFOPLIST_FILE = NewEnergy/Info.plist;
				LD_RUNPATH_SEARCH_PATHS = "$(inherited) @executable_path/Frameworks";
				PRODUCT_NAME = "$(TARGET_NAME)";
			};
			name = Release;
		};
		6355DBE71A7A3FF50015C0A0 /* Debug */ = {
			isa = XCBuildConfiguration;
			buildSettings = {
				BUNDLE_LOADER = "$(TEST_HOST)";
				FRAMEWORK_SEARCH_PATHS = (
					"$(SDKROOT)/Developer/Library/Frameworks",
					"$(inherited)",
				);
				GCC_PREPROCESSOR_DEFINITIONS = (
					"DEBUG=1",
					"$(inherited)",
				);
				INFOPLIST_FILE = NewEnergyTests/Info.plist;
				LD_RUNPATH_SEARCH_PATHS = "$(inherited) @executable_path/Frameworks @loader_path/Frameworks";
				PRODUCT_NAME = "$(TARGET_NAME)";
				TEST_HOST = "$(BUILT_PRODUCTS_DIR)/NewEnergy.app/NewEnergy";
			};
			name = Debug;
		};
		6355DBE81A7A3FF50015C0A0 /* Release */ = {
			isa = XCBuildConfiguration;
			buildSettings = {
				BUNDLE_LOADER = "$(TEST_HOST)";
				FRAMEWORK_SEARCH_PATHS = (
					"$(SDKROOT)/Developer/Library/Frameworks",
					"$(inherited)",
				);
				INFOPLIST_FILE = NewEnergyTests/Info.plist;
				LD_RUNPATH_SEARCH_PATHS = "$(inherited) @executable_path/Frameworks @loader_path/Frameworks";
				PRODUCT_NAME = "$(TARGET_NAME)";
				TEST_HOST = "$(BUILT_PRODUCTS_DIR)/NewEnergy.app/NewEnergy";
			};
			name = Release;
		};
/* End XCBuildConfiguration section */

/* Begin XCConfigurationList section */
		6355DBBB1A7A3FF50015C0A0 /* Build configuration list for PBXProject "NewEnergy" */ = {
			isa = XCConfigurationList;
			buildConfigurations = (
				6355DBE11A7A3FF50015C0A0 /* Debug */,
				6355DBE21A7A3FF50015C0A0 /* Release */,
			);
			defaultConfigurationIsVisible = 0;
			defaultConfigurationName = Release;
		};
		6355DBE31A7A3FF50015C0A0 /* Build configuration list for PBXNativeTarget "NewEnergy" */ = {
			isa = XCConfigurationList;
			buildConfigurations = (
				6355DBE41A7A3FF50015C0A0 /* Debug */,
				6355DBE51A7A3FF50015C0A0 /* Release */,
			);
			defaultConfigurationIsVisible = 0;
		};
		6355DBE61A7A3FF50015C0A0 /* Build configuration list for PBXNativeTarget "NewEnergyTests" */ = {
			isa = XCConfigurationList;
			buildConfigurations = (
				6355DBE71A7A3FF50015C0A0 /* Debug */,
				6355DBE81A7A3FF50015C0A0 /* Release */,
			);
			defaultConfigurationIsVisible = 0;
		};
/* End XCConfigurationList section */
	};
	rootObject = 6355DBB81A7A3FF50015C0A0 /* Project object */;
}
